
Microsoft Visual Studio Solution File, Format Version 12.00
# Visual Studio Version 17
VisualStudioVersion = 17.2.32616.157
MinimumVisualStudioVersion = 10.0.40219.1
Project("{FAE04EC0-301F-11D3-BF4B-00C04F79EFBC}") = "FourBlog", "FourBlog.csproj", "{8AB1B41B-BFEB-4F3A-BB66-6A6446E464B4}"
EndProject
Global
	GlobalSection(SolutionConfigurationPlatforms) = preSolution
		Debug|Any CPU = Debug|Any CPU
		Release|Any CPU = Release|Any CPU
	EndGlobalSection
	GlobalSection(ProjectConfigurationPlatforms) = postSolution
		{8AB1B41B-BFEB-4F3A-BB66-6A6446E464B4}.Debug|Any CPU.ActiveCfg = Debug|Any CPU
		{8AB1B41B-BFEB-4F3A-BB66-6A6446E464B4}.Debug|Any CPU.Build.0 = Debug|Any CPU
		{8AB1B41B-BFEB-4F3A-BB66-6A6446E464B4}.Release|Any CPU.ActiveCfg = Release|Any CPU
		{8AB1B41B-BFEB-4F3A-BB66-6A6446E464B4}.Release|Any CPU.Build.0 = Release|Any CPU
	EndGlobalSection
	GlobalSection(SolutionProperties) = preSolution
		HideSolutionNode = FALSE
	EndGlobalSection
	GlobalSection(ExtensibilityGlobals) = postSolution
		SolutionGuid = {571D3A9C-E72E-4C9E-B519-C4BE789116AA}
	EndGlobalSection
EndGlobal
